PODS:
  - AFNetworking (4.0.1):
    - AFNetworking/NSURLSession (= 4.0.1)
    - AFNetworking/Reachability (= 4.0.1)
    - AFNetworking/Security (= 4.0.1)
    - AFNetworking/Serialization (= 4.0.1)
    - AFNetworking/UIKit (= 4.0.1)
  - AFNetworking/NSURLSession (4.0.1):
    - AFNetworking/Reachability
    - AFNetworking/Security
    - AFNetworking/Serialization
  - AFNetworking/Reachability (4.0.1)
  - AFNetworking/Security (4.0.1)
  - AFNetworking/Serialization (4.0.1)
  - AFNetworking/UIKit (4.0.1):
    - AFNetworking/NSURLSession
  - VimeoNetworking (4.1.0)

DEPENDENCIES:
  - AFNetworking
  - VimeoNetworking (= 4.1.0)

SPEC REPOS:
  trunk:
    - AFNetworking
    - VimeoNetworking

SPEC CHECKSUMS:
  AFNetworking: 7864c38297c79aaca1500c33288e429c3451fdce
  VimeoNetworking: faca97d7b158a74d96afb460011e2dc69651c051

PODFILE CHECKSUM: 4d87f8e7b8c19350e12851b6d131a9a0b1651ad6

COCOAPODS: 1.9.1
